<?xml version="1.0" encoding="utf-8"?>
<Project ToolsVersion="4.0" xmlns="http://schemas.microsoft.com/developer/msbuild/2003">
  <ItemGroup>
    <Filter Include="源文件">
      <UniqueIdentifier>{4FC737F1-C7A5-4376-A066-2A32D752A2FF}</UniqueIdentifier>
      <Extensions>cpp;c;cc;cxx;def;odl;idl;hpj;bat;asm;asmx</Extensions>
    </Filter>
    <Filter Include="头文件">
      <UniqueIdentifier>{93995380-89BD-4b04-88EB-625FBE52EBFB}</UniqueIdentifier>
      <Extensions>h;hh;hpp;hxx;hm;inl;inc;ipp;xsd</Extensions>
    </Filter>
    <Filter Include="资源文件">
      <UniqueIdentifier>{67DA6AB6-F800-4c08-8B7A-83BB121AAD01}</UniqueIdentifier>
      <Extensions>rc;ico;cur;bmp;dlg;rc2;rct;bin;rgs;gif;jpg;jpeg;jpe;resx;tiff;tif;png;wav;mfcribbon-ms</Extensions>
    </Filter>
    <Filter Include="头文件\material">
      <UniqueIdentifier>{b5162cee-839d-4528-8a9a-397f60723724}</UniqueIdentifier>
    </Filter>
    <Filter Include="源文件\material">
      <UniqueIdentifier>{167001a2-f728-4834-b7ca-38fb87ce7070}</UniqueIdentifier>
    </Filter>
    <Filter Include="头文件\shape">
      <UniqueIdentifier>{345e87a6-2c36-4f8d-bf73-d0af6d06ba33}</UniqueIdentifier>
    </Filter>
    <Filter Include="源文件\shape">
      <UniqueIdentifier>{14175141-7ecd-4bce-89ca-171b5f78097e}</UniqueIdentifier>
    </Filter>
    <Filter Include="源文件\math">
      <UniqueIdentifier>{c44defed-8f8f-4591-9903-8b0f6d9c0c1c}</UniqueIdentifier>
    </Filter>
    <Filter Include="头文件\math">
      <UniqueIdentifier>{e4c32136-8121-4edf-be40-14665bfa2281}</UniqueIdentifier>
    </Filter>
  </ItemGroup>
  <ItemGroup>
    <ClInclude Include="stdafx.h">
      <Filter>头文件</Filter>
    </ClInclude>
    <ClInclude Include="targetver.h">
      <Filter>头文件</Filter>
    </ClInclude>
    <ClInclude Include="begTest.h">
      <Filter>头文件</Filter>
    </ClInclude>
    <ClInclude Include="ray.h">
      <Filter>头文件</Filter>
    </ClInclude>
    <ClInclude Include="camare.h">
      <Filter>头文件</Filter>
    </ClInclude>
    <ClInclude Include="dielectric.h">
      <Filter>头文件\material</Filter>
    </ClInclude>
    <ClInclude Include="material.h">
      <Filter>头文件\material</Filter>
    </ClInclude>
    <ClInclude Include="metal.h">
      <Filter>头文件\material</Filter>
    </ClInclude>
    <ClInclude Include="lambertian.h">
      <Filter>头文件\material</Filter>
    </ClInclude>
    <ClInclude Include="sphere.h">
      <Filter>头文件\shape</Filter>
    </ClInclude>
    <ClInclude Include="random.h">
      <Filter>头文件\math</Filter>
    </ClInclude>
    <ClInclude Include="vec3.h">
      <Filter>头文件\math</Filter>
    </ClInclude>
    <ClInclude Include="hitable.h">
      <Filter>头文件\shape</Filter>
    </ClInclude>
    <ClInclude Include="hitable_list.h">
      <Filter>头文件\shape</Filter>
    </ClInclude>
    <ClInclude Include="moving_sphere.h">
      <Filter>头文件</Filter>
    </ClInclude>
  </ItemGroup>
  <ItemGroup>
    <ClCompile Include="stdafx.cpp">
      <Filter>源文件</Filter>
    </ClCompile>
    <ClCompile Include="MyLightTrace.cpp">
      <Filter>源文件</Filter>
    </ClCompile>
    <ClCompile Include="begTest.cpp">
      <Filter>源文件</Filter>
    </ClCompile>
    <ClCompile Include="ray.cpp">
      <Filter>源文件</Filter>
    </ClCompile>
    <ClCompile Include="camare.cpp">
      <Filter>源文件</Filter>
    </ClCompile>
    <ClCompile Include="dielectric.cpp">
      <Filter>源文件\material</Filter>
    </ClCompile>
    <ClCompile Include="lambertian.cpp">
      <Filter>源文件\material</Filter>
    </ClCompile>
    <ClCompile Include="material.cpp">
      <Filter>源文件\material</Filter>
    </ClCompile>
    <ClCompile Include="metal.cpp">
      <Filter>源文件\material</Filter>
    </ClCompile>
    <ClCompile Include="sphere.cpp">
      <Filter>源文件\shape</Filter>
    </ClCompile>
    <ClCompile Include="random.cpp">
      <Filter>源文件\math</Filter>
    </ClCompile>
    <ClCompile Include="vec3.cpp">
      <Filter>源文件\math</Filter>
    </ClCompile>
    <ClCompile Include="hitable.cpp">
      <Filter>源文件\shape</Filter>
    </ClCompile>
    <ClCompile Include="hitable_list.cpp">
      <Filter>源文件\shape</Filter>
    </ClCompile>
    <ClCompile Include="moving_sphere.cpp">
      <Filter>源文件</Filter>
    </ClCompile>
  </ItemGroup>
</Project>